// !$*UTF8*$!
{
	archiveVersion = 1;
	classes = {
	};
	objectVersion = 46;
	objects = {

/* Begin PBXBuildFile section */
		C055A8E71E28658900D5A201 /* AppDelegate.m in Sources */ = {isa = PBXBuildFile; fileRef = C055A8E61E28658900D5A201 /* AppDelegate.m */; };
		C055A8EA1E28658900D5A201 /* main.m in Sources */ = {isa = PBXBuildFile; fileRef = C055A8E91E28658900D5A201 /* main.m */; };
		C055A8ED1E28658900D5A201 /* ViewController.m in Sources */ = {isa = PBXBuildFile; fileRef = C055A8EC1E28658900D5A201 /* ViewController.m */; };
		C055A8EF1E28658900D5A201 /* Assets.xcassets in Resources */ = {isa = PBXBuildFile; fileRef = C055A8EE1E28658900D5A201 /* Assets.xcassets */; };
		C055A8F21E28658900D5A201 /* Main.storyboard in Resources */ = {isa = PBXBuildFile; fileRef = C055A8F01E28658900D5A201 /* Main.storyboard */; };
		C055A8FD1E28658900D5A201 /* GraphBasicTests.m in Sources */ = {isa = PBXBuildFile; fileRef = C055A8FC1E28658900D5A201 /* GraphBasicTests.m */; };
		C055A9091E28659000D5A201 /* Graph.m in Sources */ = {isa = PBXBuildFile; fileRef = C055A9081E28659000D5A201 /* Graph.m */; };
		C055A90C1E28659600D5A201 /* Vertex.m in Sources */ = {isa = PBXBuildFile; fileRef = C055A90B1E28659600D5A201 /* Vertex.m */; };
		C08F15551E29130100C904EE /* WordLadder.m in Sources */ = {isa = PBXBuildFile; fileRef = C08F15541E29130100C904EE /* WordLadder.m */; };
		C0BED6E11E2D05560049D19B /* Queue.m in Sources */ = {isa = PBXBuildFile; fileRef = C0BED6E01E2D05560049D19B /* Queue.m */; };
		C0BED6E31E2DC7EE0049D19B /* complete.txt in Resources */ = {isa = PBXBuildFile; fileRef = C0BED6E21E2DC7EE0049D19B /* complete.txt */; };
/* End PBXBuildFile section */

/* Begin PBXContainerItemProxy section */
		C055A8F91E28658900D5A201 /* PBXContainerItemProxy */ = {
			isa = PBXContainerItemProxy;
			containerPortal = C055A8DA1E28658900D5A201 /* Project object */;
			proxyType = 1;
			remoteGlobalIDString = C055A8E11E28658900D5A201;
			remoteInfo = GraphBasic;
		};
/* End PBXContainerItemProxy section */

/* Begin PBXFileReference section */
		C055A8E21E28658900D5A201 /* GraphBasic.app */ = {isa = PBXFileReference; explicitFileType = wrapper.application; includeInIndex = 0; path = GraphBasic.app; sourceTree = BUILT_PRODUCTS_DIR; };
		C055A8E51E28658900D5A201 /* AppDelegate.h */ = {isa = PBXFileReference; lastKnownFileType = sourcecode.c.h; path = AppDelegate.h; sourceTree = "<group>"; };
		C055A8E61E28658900D5A201 /* AppDelegate.m */ = {isa = PBXFileReference; lastKnownFileType = sourcecode.c.objc; path = AppDelegate.m; sourceTree = "<group>"; };
		C055A8E91E28658900D5A201 /* main.m */ = {isa = PBXFileReference; lastKnownFileType = sourcecode.c.objc; path = main.m; sourceTree = "<group>"; };
		C055A8EB1E28658900D5A201 /* ViewController.h */ = {isa = PBXFileReference; lastKnownFileType = sourcecode.c.h; path = ViewController.h; sourceTree = "<group>"; };
		C055A8EC1E28658900D5A201 /* ViewController.m */ = {isa = PBXFileReference; lastKnownFileType = sourcecode.c.objc; path = ViewController.m; sourceTree = "<group>"; };
		C055A8EE1E28658900D5A201 /* Assets.xcassets */ = {isa = PBXFileReference; lastKnownFileType = folder.assetcatalog; path = Assets.xcassets; sourceTree = "<group>"; };
		C055A8F11E28658900D5A201 /* Base */ = {isa = PBXFileReference; lastKnownFileType = file.storyboard; name = Base; path = Base.lproj/Main.storyboard; sourceTree = "<group>"; };
		C055A8F31E28658900D5A201 /* Info.plist */ = {isa = PBXFileReference; lastKnownFileType = text.plist.xml; path = Info.plist; sourceTree = "<group>"; };
		C055A8F81E28658900D5A201 /* GraphBasicTests.xctest */ = {isa = PBXFileReference; explicitFileType = wrapper.cfbundle; includeInIndex = 0; path = GraphBasicTests.xctest; sourceTree = BUILT_PRODUCTS_DIR; };
		C055A8FC1E28658900D5A201 /* GraphBasicTests.m */ = {isa = PBXFileReference; lastKnownFileType = sourcecode.c.objc; path = GraphBasicTests.m; sourceTree = "<group>"; };
		C055A8FE1E28658900D5A201 /* Info.plist */ = {isa = PBXFileReference; lastKnownFileType = text.plist.xml; path = Info.plist; sourceTree = "<group>"; };
		C055A9071E28659000D5A201 /* Graph.h */ = {isa = PBXFileReference; fileEncoding = 4; lastKnownFileType = sourcecode.c.h; path = Graph.h; sourceTree = "<group>"; };
		C055A9081E28659000D5A201 /* Graph.m */ = {isa = PBXFileReference; fileEncoding = 4; lastKnownFileType = sourcecode.c.objc; path = Graph.m; sourceTree = "<group>"; };
		C055A90A1E28659600D5A201 /* Vertex.h */ = {isa = PBXFileReference; fileEncoding = 4; lastKnownFileType = sourcecode.c.h; path = Vertex.h; sourceTree = "<group>"; };
		C055A90B1E28659600D5A201 /* Vertex.m */ = {isa = PBXFileReference; fileEncoding = 4; lastKnownFileType = sourcecode.c.objc; path = Vertex.m; sourceTree = "<group>"; };
		C08F15531E29130100C904EE /* WordLadder.h */ = {isa = PBXFileReference; fileEncoding = 4; lastKnownFileType = sourcecode.c.h; path = WordLadder.h; sourceTree = "<group>"; };
		C08F15541E29130100C904EE /* WordLadder.m */ = {isa = PBXFileReference; fileEncoding = 4; lastKnownFileType = sourcecode.c.objc; path = WordLadder.m; sourceTree = "<group>"; };
		C0BED6DF1E2D05560049D19B /* Queue.h */ = {isa = PBXFileReference; fileEncoding = 4; lastKnownFileType = sourcecode.c.h; path = Queue.h; sourceTree = "<group>"; };
		C0BED6E01E2D05560049D19B /* Queue.m */ = {isa = PBXFileReference; fileEncoding = 4; lastKnownFileType = sourcecode.c.objc; path = Queue.m; sourceTree = "<group>"; };
		C0BED6E21E2DC7EE0049D19B /* complete.txt */ = {isa = PBXFileReference; fileEncoding = 4; lastKnownFileType = text; path = complete.txt; sourceTree = "<group>"; };
/* End PBXFileReference section */

/* Begin PBXFrameworksBuildPhase section */
		C055A8DF1E28658900D5A201 /* Frameworks */ = {
			isa = PBXFrameworksBuildPhase;
			buildActionMask = 2147483647;
			files = (
			);
			runOnlyForDeploymentPostprocessing = 0;
		};
		C055A8F51E28658900D5A201 /* Frameworks */ = {
			isa = PBXFrameworksBuildPhase;
			buildActionMask = 2147483647;
			files = (
			);
			runOnlyForDeploymentPostprocessing = 0;
		};
/* End PBXFrameworksBuildPhase section */

/* Begin PBXGroup section */
		C055A8D91E28658900D5A201 = {
			isa = PBXGroup;
			children = (
				C055A8E41E28658900D5A201 /* GraphBasic */,
				C055A8FB1E28658900D5A201 /* GraphBasicTests */,
				C055A8E31E28658900D5A201 /* Products */,
			);
			sourceTree = "<group>";
		};
		C055A8E31E28658900D5A201 /* Products */ = {
			isa = PBXGroup;
			children = (
				C055A8E21E28658900D5A201 /* GraphBasic.app */,
				C055A8F81E28658900D5A201 /* GraphBasicTests.xctest */,
			);
			name = Products;
			sourceTree = "<group>";
		};
		C055A8E41E28658900D5A201 /* GraphBasic */ = {
			isa = PBXGroup;
			children = (
				C055A8E51E28658900D5A201 /* AppDelegate.h */,
				C055A8E61E28658900D5A201 /* AppDelegate.m */,
				C055A8EB1E28658900D5A201 /* ViewController.h */,
				C055A8EC1E28658900D5A201 /* ViewController.m */,
				C055A9071E28659000D5A201 /* Graph.h */,
				C055A9081E28659000D5A201 /* Graph.m */,
				C055A90A1E28659600D5A201 /* Vertex.h */,
				C055A90B1E28659600D5A201 /* Vertex.m */,
				C0BED6DF1E2D05560049D19B /* Queue.h */,
				C0BED6E01E2D05560049D19B /* Queue.m */,
				C0BED6E21E2DC7EE0049D19B /* complete.txt */,
				C08F15531E29130100C904EE /* WordLadder.h */,
				C08F15541E29130100C904EE /* WordLadder.m */,
				C055A8EE1E28658900D5A201 /* Assets.xcassets */,
				C055A8F01E28658900D5A201 /* Main.storyboard */,
				C055A8F31E28658900D5A201 /* Info.plist */,
				C055A8E81E28658900D5A201 /* Supporting Files */,
			);
			path = GraphBasic;
			sourceTree = "<group>";
		};
		C055A8E81E28658900D5A201 /* Supporting Files */ = {
			isa = PBXGroup;
			children = (
				C055A8E91E28658900D5A201 /* main.m */,
			);
			name = "Supporting Files";
			sourceTree = "<group>";
		};
		C055A8FB1E28658900D5A201 /* GraphBasicTests */ = {
			isa = PBXGroup;
			children = (
				C055A8FC1E28658900D5A201 /* GraphBasicTests.m */,
				C055A8FE1E28658900D5A201 /* Info.plist */,
			);
			path = GraphBasicTests;
			sourceTree = "<group>";
		};
/* End PBXGroup section */

/* Begin PBXNativeTarget section */
		C055A8E11E28658900D5A201 /* GraphBasic */ = {
			isa = PBXNativeTarget;
			buildConfigurationList = C055A9011E28658900D5A201 /* Build configuration list for PBXNativeTarget "GraphBasic" */;
			buildPhases = (
				C055A8DE1E28658900D5A201 /* Sources */,
				C055A8DF1E28658900D5A201 /* Frameworks */,
				C055A8E01E28658900D5A201 /* Resources */,
			);
			buildRules = (
			);
			dependencies = (
			);
			name = GraphBasic;
			productName = GraphBasic;
			productReference = C055A8E21E28658900D5A201 /* GraphBasic.app */;
			productType = "com.apple.product-type.application";
		};
		C055A8F71E28658900D5A201 /* GraphBasicTests */ = {
			isa = PBXNativeTarget;
			buildConfigurationList = C055A9041E28658900D5A201 /* Build configuration list for PBXNativeTarget "GraphBasicTests" */;
			buildPhases = (
				C055A8F41E28658900D5A201 /* Sources */,
				C055A8F51E28658900D5A201 /* Frameworks */,
				C055A8F61E28658900D5A201 /* Resources */,
			);
			buildRules = (
			);
			dependencies = (
				C055A8FA1E28658900D5A201 /* PBXTargetDependency */,
			);
			name = GraphBasicTests;
			productName = GraphBasicTests;
			productReference = C055A8F81E28658900D5A201 /* GraphBasicTests.xctest */;
			productType = "com.apple.product-type.bundle.unit-test";
		};
/* End PBXNativeTarget section */

/* Begin PBXProject section */
		C055A8DA1E28658900D5A201 /* Project object */ = {
			isa = PBXProject;
			attributes = {
				LastUpgradeCheck = 0800;
				ORGANIZATIONNAME = Xander;
				TargetAttributes = {
					C055A8E11E28658900D5A201 = {
						CreatedOnToolsVersion = 8.0;
						DevelopmentTeam = 3JXBJHA9VD;
						ProvisioningStyle = Automatic;
					};
					C055A8F71E28658900D5A201 = {
						CreatedOnToolsVersion = 8.0;
						DevelopmentTeam = 3JXBJHA9VD;
						ProvisioningStyle = Automatic;
						TestTargetID = C055A8E11E28658900D5A201;
					};
				};
			};
			buildConfigurationList = C055A8DD1E28658900D5A201 /* Build configuration list for PBXProject "GraphBasic" */;
			compatibilityVersion = "Xcode 3.2";
			developmentRegion = English;
			hasScannedForEncodings = 0;
			knownRegions = (
				en,
				Base,
			);
			mainGroup = C055A8D91E28658900D5A201;
			productRefGroup = C055A8E31E28658900D5A201 /* Products */;
			projectDirPath = "";
			projectRoot = "";
			targets = (
				C055A8E11E28658900D5A201 /* GraphBasic */,
				C055A8F71E28658900D5A201 /* GraphBasicTests */,
			);
		};
/* End PBXProject section */

/* Begin PBXResourcesBuildPhase section */
		C055A8E01E28658900D5A201 /* Resources */ = {
			isa = PBXResourcesBuildPhase;
			buildActionMask = 2147483647;
			files = (
				C055A8EF1E28658900D5A201 /* Assets.xcassets in Resources */,
				C055A8F21E28658900D5A201 /* Main.storyboard in Resources */,
				C0BED6E31E2DC7EE0049D19B /* complete.txt in Resources */,
			);
			runOnlyForDeploymentPostprocessing = 0;
		};
		C055A8F61E28658900D5A201 /* Resources */ = {
			isa = PBXResourcesBuildPhase;
			buildActionMask = 2147483647;
			files = (
			);
			runOnlyForDeploymentPostprocessing = 0;
		};
/* End PBXResourcesBuildPhase section */

/* Begin PBXSourcesBuildPhase section */
		C055A8DE1E28658900D5A201 /* Sources */ = {
			isa = PBXSourcesBuildPhase;
			buildActionMask = 2147483647;
			files = (
				C0BED6E11E2D05560049D19B /* Queue.m in Sources */,
				C055A9091E28659000D5A201 /* Graph.m in Sources */,
				C08F15551E29130100C904EE /* WordLadder.m in Sources */,
				C055A8ED1E28658900D5A201 /* ViewController.m in Sources */,
				C055A90C1E28659600D5A201 /* Vertex.m in Sources */,
				C055A8EA1E28658900D5A201 /* main.m in Sources */,
				C055A8E71E28658900D5A201 /* AppDelegate.m in Sources */,
			);
			runOnlyForDeploymentPostprocessing = 0;
		};
		C055A8F41E28658900D5A201 /* Sources */ = {
			isa = PBXSourcesBuildPhase;
			buildActionMask = 2147483647;
			files = (
				C055A8FD1E28658900D5A201 /* GraphBasicTests.m in Sources */,
			);
			runOnlyForDeploymentPostprocessing = 0;
		};
/* End PBXSourcesBuildPhase section */

/* Begin PBXTargetDependency section */
		C055A8FA1E28658900D5A201 /* PBXTargetDependency */ = {
			isa = PBXTargetDependency;
			target = C055A8E11E28658900D5A201 /* GraphBasic */;
			targetProxy = C055A8F91E28658900D5A201 /* PBXContainerItemProxy */;
		};
/* End PBXTargetDependency section */

/* Begin PBXVariantGroup section */
		C055A8F01E28658900D5A201 /* Main.storyboard */ = {
			isa = PBXVariantGroup;
			children = (
				C055A8F11E28658900D5A201 /* Base */,
			);
			name = Main.storyboard;
			sourceTree = "<group>";
		};
/* End PBXVariantGroup section */

/* Begin XCBuildConfiguration section */
		C055A8FF1E28658900D5A201 /* Debug */ = {
			isa = XCBuildConfiguration;
			buildSettings = {
				ALWAYS_SEARCH_USER_PATHS = NO;
				CLANG_ANALYZER_NONNULL = YES;
				CLANG_CXX_LANGUAGE_STANDARD = "gnu++0x";
				CLANG_CXX_LIBRARY = "libc++";
				CLANG_ENABLE_MODULES = YES;
				CLANG_ENABLE_OBJC_ARC = YES;
				CLANG_WARN_BOOL_CONVERSION = YES;
				CLANG_WARN_CONSTANT_CONVERSION = YES;
				CLANG_WARN_DIRECT_OBJC_ISA_USAGE = YES_ERROR;
				CLANG_WARN_DOCUMENTATION_COMMENTS = YES;
				CLANG_WARN_EMPTY_BODY = YES;
				CLANG_WARN_ENUM_CONVERSION = YES;
				CLANG_WARN_INFINITE_RECURSION = YES;
				CLANG_WARN_INT_CONVERSION = YES;
				CLANG_WARN_OBJC_ROOT_CLASS = YES_ERROR;
				CLANG_WARN_SUSPICIOUS_MOVES = YES;
				CLANG_WARN_UNREACHABLE_CODE = YES;
				CLANG_WARN__DUPLICATE_METHOD_MATCH = YES;
				CODE_SIGN_IDENTITY = "-";
				COPY_PHASE_STRIP = NO;
				DEBUG_INFORMATION_FORMAT = dwarf;
				ENABLE_STRICT_OBJC_MSGSEND = YES;
				ENABLE_TESTABILITY = YES;
				GCC_C_LANGUAGE_STANDARD = gnu99;
				GCC_DYNAMIC_NO_PIC = NO;
				GCC_NO_COMMON_BLOCKS = YES;
				GCC_OPTIMIZATION_LEVEL = 0;
				GCC_PREPROCESSOR_DEFINITIONS = (
					"DEBUG=1",
					"$(inherited)",
				);
				GCC_WARN_64_TO_32_BIT_CONVERSION = YES;
				GCC_WARN_ABOUT_RETURN_TYPE = YES_ERROR;
				GCC_WARN_UNDECLARED_SELECTOR = YES;
				GCC_WARN_UNINITIALIZED_AUTOS = YES_AGGRESSIVE;
				GCC_WARN_UNUSED_FUNCTION = YES;
				GCC_WARN_UNUSED_VARIABLE = YES;
				MACOSX_DEPLOYMENT_TARGET = 10.12;
				MTL_ENABLE_DEBUG_INFO = YES;
				ONLY_ACTIVE_ARCH = YES;
				SDKROOT = macosx;
			};
			name = Debug;
		};
		C055A9001E28658900D5A201 /* Release */ = {
			isa = XCBuildConfiguration;
			buildSettings = {
				ALWAYS_SEARCH_USER_PATHS = NO;
				CLANG_ANALYZER_NONNULL = YES;
				CLANG_CXX_LANGUAGE_STANDARD = "gnu++0x";
				CLANG_CXX_LIBRARY = "libc++";
				CLANG_ENABLE_MODULES = YES;
				CLANG_ENABLE_OBJC_ARC = YES;
				CLANG_WARN_BOOL_CONVERSION = YES;
				CLANG_WARN_CONSTANT_CONVERSION = YES;
				CLANG_WARN_DIRECT_OBJC_ISA_USAGE = YES_ERROR;
				CLANG_WARN_DOCUMENTATION_COMMENTS = YES;
				CLANG_WARN_EMPTY_BODY = YES;
				CLANG_WARN_ENUM_CONVERSION = YES;
				CLANG_WARN_INFINITE_RECURSION = YES;
				CLANG_WARN_INT_CONVERSION = YES;
				CLANG_WARN_OBJC_ROOT_CLASS = YES_ERROR;
				CLANG_WARN_SUSPICIOUS_MOVES = YES;
				CLANG_WARN_UNREACHABLE_CODE = YES;
				CLANG_WARN__DUPLICATE_METHOD_MATCH = YES;
				CODE_SIGN_IDENTITY = "-";
				COPY_PHASE_STRIP = NO;
				DEBUG_INFORMATION_FORMAT = "dwarf-with-dsym";
				ENABLE_NS_ASSERTIONS = NO;
				ENABLE_STRICT_OBJC_MSGSEND = YES;
				GCC_C_LANGUAGE_STANDARD = gnu99;
				GCC_NO_COMMON_BLOCKS = YES;
				GCC_WARN_64_TO_32_BIT_CONVERSION = YES;
				GCC_WARN_ABOUT_RETURN_TYPE = YES_ERROR;
				GCC_WARN_UNDECLARED_SELECTOR = YES;
				GCC_WARN_UNINITIALIZED_AUTOS = YES_AGGRESSIVE;
				GCC_WARN_UNUSED_FUNCTION = YES;
				GCC_WARN_UNUSED_VARIABLE = YES;
				MACOSX_DEPLOYMENT_TARGET = 10.12;
				MTL_ENABLE_DEBUG_INFO = NO;
				SDKROOT = macosx;
			};
			name = Release;
		};
		C055A9021E28658900D5A201 /* Debug */ = {
			isa = XCBuildConfiguration;
			buildSettings = {
				ASSETCATALOG_COMPILER_APPICON_NAME = AppIcon;
				COMBINE_HIDPI_IMAGES = YES;
				DEVELOPMENT_TEAM = 3JXBJHA9VD;
				INFOPLIST_FILE = GraphBasic/Info.plist;
				LD_RUNPATH_SEARCH_PATHS = "$(inherited) @executable_path/../Frameworks";
				PRODUCT_BUNDLE_IDENTIFIER = com.xanderli.GraphBasic;
				PRODUCT_NAME = "$(TARGET_NAME)";
			};
			name = Debug;
		};
		C055A9031E28658900D5A201 /* Release */ = {
			isa = XCBuildConfiguration;
			buildSettings = {
				ASSETCATALOG_COMPILER_APPICON_NAME = AppIcon;
				COMBINE_HIDPI_IMAGES = YES;
				DEVELOPMENT_TEAM = 3JXBJHA9VD;
				INFOPLIST_FILE = GraphBasic/Info.plist;
				LD_RUNPATH_SEARCH_PATHS = "$(inherited) @executable_path/../Frameworks";
				PRODUCT_BUNDLE_IDENTIFIER = com.xanderli.GraphBasic;
				PRODUCT_NAME = "$(TARGET_NAME)";
			};
			name = Release;
		};
		C055A9051E28658900D5A201 /* Debug */ = {
			isa = XCBuildConfiguration;
			buildSettings = {
				BUNDLE_LOADER = "$(TEST_HOST)";
				COMBINE_HIDPI_IMAGES = YES;
				DEVELOPMENT_TEAM = 3JXBJHA9VD;
				INFOPLIST_FILE = GraphBasicTests/Info.plist;
				LD_RUNPATH_SEARCH_PATHS = "$(inherited) @executable_path/../Frameworks @loader_path/../Frameworks";
				PRODUCT_BUNDLE_IDENTIFIER = com.xanderli.GraphBasicTests;
				PRODUCT_NAME = "$(TARGET_NAME)";
				TEST_HOST = "$(BUILT_PRODUCTS_DIR)/GraphBasic.app/Contents/MacOS/GraphBasic";
			};
			name = Debug;
		};
		C055A9061E28658900D5A201 /* Release */ = {
			isa = XCBuildConfiguration;
			buildSettings = {
				BUNDLE_LOADER = "$(TEST_HOST)";
				COMBINE_HIDPI_IMAGES = YES;
				DEVELOPMENT_TEAM = 3JXBJHA9VD;
				INFOPLIST_FILE = GraphBasicTests/Info.plist;
				LD_RUNPATH_SEARCH_PATHS = "$(inherited) @executable_path/../Frameworks @loader_path/../Frameworks";
				PRODUCT_BUNDLE_IDENTIFIER = com.xanderli.GraphBasicTests;
				PRODUCT_NAME = "$(TARGET_NAME)";
				TEST_HOST = "$(BUILT_PRODUCTS_DIR)/GraphBasic.app/Contents/MacOS/GraphBasic";
			};
			name = Release;
		};
/* End XCBuildConfiguration section */

/* Begin XCConfigurationList section */
		C055A8DD1E28658900D5A201 /* Build configuration list for PBXProject "GraphBasic" */ = {
			isa = XCConfigurationList;
			buildConfigurations = (
				C055A8FF1E28658900D5A201 /* Debug */,
				C055A9001E28658900D5A201 /* Release */,
			);
			defaultConfigurationIsVisible = 0;
			defaultConfigurationName = Release;
		};
		C055A9011E28658900D5A201 /* Build configuration list for PBXNativeTarget "GraphBasic" */ = {
			isa = XCConfigurationList;
			buildConfigurations = (
				C055A9021E28658900D5A201 /* Debug */,
				C055A9031E28658900D5A201 /* Release */,
			);
			defaultConfigurationIsVisible = 0;
			defaultConfigurationName = Release;
		};
		C055A9041E28658900D5A201 /* Build configuration list for PBXNativeTarget "GraphBasicTests" */ = {
			isa = XCConfigurationList;
			buildConfigurations = (
				C055A9051E28658900D5A201 /* Debug */,
				C055A9061E28658900D5A201 /* Release */,
			);
			defaultConfigurationIsVisible = 0;
			defaultConfigurationName = Release;
		};
/* End XCConfigurationList section */
	};
	rootObject = C055A8DA1E28658900D5A201 /* Project object */;
}
